{
  "R": {
    "Version": "4.5.1",
    "Repositories": [
      {
        "Name": "CRAN",
        "URL": "https://packagemanager.posit.co/cran/latest"
      }
    ]
  },
  "Packages": {
    "MASS": {
      "Package": "MASS",
      "Version": "7.3-65",
      "Source": "Repository",
      "Priority": "recommended",
      "Date": "2025-02-19",
      "Revision": "$Rev: 3681 $",
      "Depends": [
        "R (>= 4.4.0)",
        "grDevices",
        "graphics",
        "stats",
        "utils"
      ],
      "Imports": [
        "methods"
      ],
      "Suggests": [
        "lattice",
        "nlme",
        "nnet",
        "survival"
      ],
      "Authors@R": "c(person(\"Brian\", \"Ripley\", role = c(\"aut\", \"cre\", \"cph\"), email = \"Brian.Ripley@R-project.org\"), person(\"Bill\", \"Venables\", role = c(\"aut\", \"cph\")), person(c(\"Douglas\", \"M.\"), \"Bates\", role = \"ctb\"), person(\"Kurt\", \"Hornik\", role = \"trl\", comment = \"partial port ca 1998\"), person(\"Albrecht\", \"Gebhardt\", role = \"trl\", comment = \"partial port ca 1998\"), person(\"David\", \"Firth\", role = \"ctb\", comment = \"support functions for polr\"))",
      "Description": "Functions and datasets to support Venables and Ripley, \"Modern Applied Statistics with S\" (4th edition, 2002).",
      "Title": "Support Functions and Datasets for Venables and Ripley's MASS",
      "LazyData": "yes",
      "ByteCompile": "yes",
      "License": "GPL-2 | GPL-3",
      "URL": "http://www.stats.ox.ac.uk/pub/MASS4/",
      "Contact": "<MASS@stats.ox.ac.uk>",
      "NeedsCompilation": "yes",
      "Author": "Brian Ripley [aut, cre, cph], Bill Venables [aut, cph], Douglas M. Bates [ctb], Kurt Hornik [trl] (partial port ca 1998), Albrecht Gebhardt [trl] (partial port ca 1998), David Firth [ctb] (support functions for polr)",
      "Maintainer": "Brian Ripley <Brian.Ripley@R-project.org>",
      "Repository": "CRAN"
    },
    "Rdpack": {
      "Package": "Rdpack",
      "Version": "2.6.4",
      "Source": "Repository",
      "Type": "Package",
      "Title": "Update and Manipulate Rd Documentation Objects",
      "Authors@R": "c( person(given = c(\"Georgi\", \"N.\"), family = \"Boshnakov\",  role = c(\"aut\", \"cre\"),  email = \"georgi.boshnakov@manchester.ac.uk\", comment = c(ORCID = \"0000-0003-2839-346X\")), person(given = \"Duncan\",  family = \"Murdoch\",  role = \"ctb\", email = \"murdoch.duncan@gmail.com\") )",
      "Description": "Functions for manipulation of R documentation objects, including functions reprompt() and ereprompt() for updating 'Rd' documentation for functions, methods and classes; 'Rd' macros for citations and import of references from 'bibtex' files for use in 'Rd' files and 'roxygen2' comments; 'Rd' macros for evaluating and inserting snippets of 'R' code and the results of its evaluation or creating graphics on the fly; and many functions for manipulation of references and Rd files.",
      "URL": "https://geobosh.github.io/Rdpack/ (doc), https://github.com/GeoBosh/Rdpack (devel)",
      "BugReports": "https://github.com/GeoBosh/Rdpack/issues",
      "Depends": [
        "R (>= 2.15.0)",
        "methods"
      ],
      "Imports": [
        "tools",
        "utils",
        "rbibutils (>= 1.3)"
      ],
      "Suggests": [
        "grDevices",
        "testthat",
        "rstudioapi",
        "rprojroot",
        "gbRd"
      ],
      "License": "GPL (>= 2)",
      "LazyLoad": "yes",
      "RoxygenNote": "7.1.1",
      "NeedsCompilation": "no",
      "Author": "Georgi N. Boshnakov [aut, cre] (<https://orcid.org/0000-0003-2839-346X>), Duncan Murdoch [ctb]",
      "Maintainer": "Georgi N. Boshnakov <georgi.boshnakov@manchester.ac.uk>",
      "Repository": "CRAN"
    },
    "lattice": {
      "Package": "lattice",
      "Version": "0.22-7",
      "Source": "Repository",
      "Date": "2025-03-31",
      "Priority": "recommended",
      "Title": "Trellis Graphics for R",
      "Authors@R": "c(person(\"Deepayan\", \"Sarkar\", role = c(\"aut\", \"cre\"), email = \"deepayan.sarkar@r-project.org\", comment = c(ORCID = \"0000-0003-4107-1553\")), person(\"Felix\", \"Andrews\", role = \"ctb\"), person(\"Kevin\", \"Wright\", role = \"ctb\", comment = \"documentation\"), person(\"Neil\", \"Klepeis\", role = \"ctb\"), person(\"Johan\", \"Larsson\", role = \"ctb\", comment = \"miscellaneous improvements\"), person(\"Zhijian (Jason)\", \"Wen\", role = \"cph\", comment = \"filled contour code\"), person(\"Paul\", \"Murrell\", role = \"ctb\", email = \"paul@stat.auckland.ac.nz\"), person(\"Stefan\", \"Eng\", role = \"ctb\", comment = \"violin plot improvements\"), person(\"Achim\", \"Zeileis\", role = \"ctb\", comment = \"modern colors\"), person(\"Alexandre\", \"Courtiol\", role = \"ctb\", comment = \"generics for larrows, lpolygon, lrect and lsegments\") )",
      "Description": "A powerful and elegant high-level data visualization system inspired by Trellis graphics, with an emphasis on multivariate data. Lattice is sufficient for typical graphics needs, and is also flexible enough to handle most nonstandard requirements. See ?Lattice for an introduction.",
      "Depends": [
        "R (>= 4.0.0)"
      ],
      "Suggests": [
        "KernSmooth",
        "MASS",
        "latticeExtra",
        "colorspace"
      ],
      "Imports": [
        "grid",
        "grDevices",
        "graphics",
        "stats",
        "utils"
      ],
      "Enhances": [
        "chron",
        "zoo"
      ],
      "LazyLoad": "yes",
      "LazyData": "yes",
      "License": "GPL (>= 2)",
      "URL": "https://lattice.r-forge.r-project.org/",
      "BugReports": "https://github.com/deepayan/lattice/issues",
      "NeedsCompilation": "yes",
      "Author": "Deepayan Sarkar [aut, cre] (<https://orcid.org/0000-0003-4107-1553>), Felix Andrews [ctb], Kevin Wright [ctb] (documentation), Neil Klepeis [ctb], Johan Larsson [ctb] (miscellaneous improvements), Zhijian (Jason) Wen [cph] (filled contour code), Paul Murrell [ctb], Stefan Eng [ctb] (violin plot improvements), Achim Zeileis [ctb] (modern colors), Alexandre Courtiol [ctb] (generics for larrows, lpolygon, lrect and lsegments)",
      "Maintainer": "Deepayan Sarkar <deepayan.sarkar@r-project.org>",
      "Repository": "CRAN"
    },
    "lmtest": {
      "Package": "lmtest",
      "Version": "0.9-40",
      "Source": "Repository",
      "Title": "Testing Linear Regression Models",
      "Date": "2022-03-21",
      "Authors@R": "c(person(given = \"Torsten\", family = \"Hothorn\", role = \"aut\", email = \"Torsten.Hothorn@R-project.org\", comment = c(ORCID = \"0000-0001-8301-0471\")), person(given = \"Achim\", family = \"Zeileis\", role = c(\"aut\", \"cre\"), email = \"Achim.Zeileis@R-project.org\", comment = c(ORCID = \"0000-0003-0918-3766\")), person(given = c(\"Richard\", \"W.\"), family = \"Farebrother\", role = \"aut\", comment = \"pan.f\"), person(given = \"Clint\", family = \"Cummins\", role = \"aut\", comment = \"pan.f\"), person(given = \"Giovanni\", family = \"Millo\", role = \"ctb\"), person(given = \"David\", family = \"Mitchell\", role = \"ctb\"))",
      "Description": "A collection of tests, data sets, and examples for diagnostic checking in linear regression models. Furthermore, some generic tools for inference in parametric models are provided.",
      "LazyData": "yes",
      "Depends": [
        "R (>= 3.0.0)",
        "stats",
        "zoo"
      ],
      "Suggests": [
        "car",
        "strucchange",
        "sandwich",
        "dynlm",
        "stats4",
        "survival",
        "AER"
      ],
      "Imports": [
        "graphics"
      ],
      "License": "GPL-2 | GPL-3",
      "NeedsCompilation": "yes",
      "Author": "Torsten Hothorn [aut] (<https://orcid.org/0000-0001-8301-0471>), Achim Zeileis [aut, cre] (<https://orcid.org/0000-0003-0918-3766>), Richard W. Farebrother [aut] (pan.f), Clint Cummins [aut] (pan.f), Giovanni Millo [ctb], David Mitchell [ctb]",
      "Maintainer": "Achim Zeileis <Achim.Zeileis@R-project.org>",
      "Repository": "CRAN",
      "Encoding": "UTF-8"
    },
    "pwr": {
      "Package": "pwr",
      "Version": "1.3-0",
      "Source": "Repository",
      "Date": "2020-03-16",
      "Title": "Basic Functions for Power Analysis",
      "Authors@R": "c(person(\"Stephane\", \"Champely\", role=c(\"aut\")), person(\"Claus\", \"Ekstrom\", role=\"ctb\"), person(\"Peter\", \"Dalgaard\", role=\"ctb\"), person(\"Jeffrey\", \"Gill\", role=\"ctb\"), person(\"Stephan\", \"Weibelzahl\", role=\"ctb\"), person(\"Aditya\", \"Anandkumar\", role=\"ctb\"), person(\"Clay\", \"Ford\", role=\"ctb\"), person(\"Robert\", \"Volcic\", role=\"ctb\"), person(\"Helios\", \"De Rosario\", role=\"cre\", email=\"helios.derosario@gmail.com\"))",
      "Description": "Power analysis functions along the lines of Cohen (1988).",
      "Imports": [
        "stats",
        "graphics"
      ],
      "Suggests": [
        "ggplot2",
        "scales",
        "knitr",
        "rmarkdown"
      ],
      "License": "GPL (>= 3)",
      "URL": "https://github.com/heliosdrm/pwr",
      "VignetteBuilder": "knitr",
      "RoxygenNote": "7.1.0",
      "NeedsCompilation": "no",
      "Author": "Stephane Champely [aut], Claus Ekstrom [ctb], Peter Dalgaard [ctb], Jeffrey Gill [ctb], Stephan Weibelzahl [ctb], Aditya Anandkumar [ctb], Clay Ford [ctb], Robert Volcic [ctb], Helios De Rosario [cre]",
      "Maintainer": "Helios De Rosario <helios.derosario@gmail.com>",
      "Repository": "CRAN",
      "Encoding": "UTF-8"
    },
    "rbibutils": {
      "Package": "rbibutils",
      "Version": "2.3",
      "Source": "Repository",
      "Type": "Package",
      "Title": "Read 'Bibtex' Files and Convert Between Bibliography Formats",
      "Authors@R": "c( person(given = c(\"Georgi\", \"N.\"), family = \"Boshnakov\",  role = c(\"aut\", \"cre\"), \t email = \"georgi.boshnakov@manchester.ac.uk\", comment = \"R port, R code, new C code and modifications to bibutils' C code, conversion to Bibentry (R and C code)\" ), person(given = \"Chris\", family = \"Putman\", role = \"aut\", comment = \"src/*, author of the bibutils libraries, https://sourceforge.net/projects/bibutils/\"), person(given = \"Richard\", family = \"Mathar\", role = \"ctb\", comment = \"src/addsout.c\"), person(given = \"Johannes\", family = \"Wilm\", role = \"ctb\", comment = \"src/biblatexin.c, src/bltypes.c\"), person(\"R Core Team\", role = \"ctb\", comment = \"base R's bibentry and bibstyle implementation\") )",
      "Description": "Read and write 'Bibtex' files. Convert between bibliography formats, including 'Bibtex', 'Biblatex', 'PubMed', 'Endnote', and 'Bibentry'.  Includes a port of the 'bibutils' utilities by Chris Putnam <https://sourceforge.net/projects/bibutils/>. Supports all bibliography formats and character encodings implemented in 'bibutils'.",
      "License": "GPL-2",
      "URL": "https://geobosh.github.io/rbibutils/ (doc), https://github.com/GeoBosh/rbibutils (devel)",
      "BugReports": "https://github.com/GeoBosh/rbibutils/issues",
      "Depends": [
        "R (>= 2.10)"
      ],
      "Imports": [
        "utils",
        "tools"
      ],
      "Suggests": [
        "testthat"
      ],
      "Encoding": "UTF-8",
      "NeedsCompilation": "yes",
      "Config/Needs/memcheck": "devtools, rcmdcheck",
      "Author": "Georgi N. Boshnakov [aut, cre] (R port, R code, new C code and modifications to bibutils' C code, conversion to Bibentry (R and C code)), Chris Putman [aut] (src/*, author of the bibutils libraries, https://sourceforge.net/projects/bibutils/), Richard Mathar [ctb] (src/addsout.c), Johannes Wilm [ctb] (src/biblatexin.c, src/bltypes.c), R Core Team [ctb] (base R's bibentry and bibstyle implementation)",
      "Maintainer": "Georgi N. Boshnakov <georgi.boshnakov@manchester.ac.uk>",
      "Repository": "CRAN"
    },
    "renv": {
      "Package": "renv",
      "Version": "1.1.4",
      "Source": "Repository",
      "Type": "Package",
      "Title": "Project Environments",
      "Authors@R": "c( person(\"Kevin\", \"Ushey\", role = c(\"aut\", \"cre\"), email = \"kevin@rstudio.com\", comment = c(ORCID = \"0000-0003-2880-7407\")), person(\"Hadley\", \"Wickham\", role = c(\"aut\"), email = \"hadley@rstudio.com\", comment = c(ORCID = \"0000-0003-4757-117X\")), person(\"Posit Software, PBC\", role = c(\"cph\", \"fnd\")) )",
      "Description": "A dependency management toolkit for R. Using 'renv', you can create and manage project-local R libraries, save the state of these libraries to a 'lockfile', and later restore your library as required. Together, these tools can help make your projects more isolated, portable, and reproducible.",
      "License": "MIT + file LICENSE",
      "URL": "https://rstudio.github.io/renv/, https://github.com/rstudio/renv",
      "BugReports": "https://github.com/rstudio/renv/issues",
      "Imports": [
        "utils"
      ],
      "Suggests": [
        "BiocManager",
        "cli",
        "compiler",
        "covr",
        "cpp11",
        "devtools",
        "gitcreds",
        "jsonlite",
        "jsonvalidate",
        "knitr",
        "miniUI",
        "modules",
        "packrat",
        "pak",
        "R6",
        "remotes",
        "reticulate",
        "rmarkdown",
        "rstudioapi",
        "shiny",
        "testthat",
        "uuid",
        "waldo",
        "yaml",
        "webfakes"
      ],
      "Encoding": "UTF-8",
      "RoxygenNote": "7.3.2",
      "VignetteBuilder": "knitr",
      "Config/Needs/website": "tidyverse/tidytemplate",
      "Config/testthat/edition": "3",
      "Config/testthat/parallel": "true",
      "Config/testthat/start-first": "bioconductor,python,install,restore,snapshot,retrieve,remotes",
      "NeedsCompilation": "no",
      "Author": "Kevin Ushey [aut, cre] (<https://orcid.org/0000-0003-2880-7407>), Hadley Wickham [aut] (<https://orcid.org/0000-0003-4757-117X>), Posit Software, PBC [cph, fnd]",
      "Maintainer": "Kevin Ushey <kevin@rstudio.com>",
      "Repository": "CRAN"
    },
    "sandwich": {
      "Package": "sandwich",
      "Version": "3.1-1",
      "Source": "Repository",
      "Date": "2024-09-16",
      "Title": "Robust Covariance Matrix Estimators",
      "Authors@R": "c(person(given = \"Achim\", family = \"Zeileis\", role = c(\"aut\", \"cre\"), email = \"Achim.Zeileis@R-project.org\", comment = c(ORCID = \"0000-0003-0918-3766\")), person(given = \"Thomas\", family = \"Lumley\", role = \"aut\", email = \"t.lumley@auckland.ac.nz\", comment = c(ORCID = \"0000-0003-4255-5437\")), person(given = \"Nathaniel\", family = \"Graham\", role = \"ctb\", email = \"npgraham1@gmail.com\", comment = c(ORCID = \"0009-0002-1215-5256\")), person(given = \"Susanne\", family = \"Koell\", role = \"ctb\"))",
      "Description": "Object-oriented software for model-robust covariance matrix estimators. Starting out from the basic  robust Eicker-Huber-White sandwich covariance methods include: heteroscedasticity-consistent (HC) covariances for cross-section data; heteroscedasticity- and autocorrelation-consistent (HAC) covariances for time series data (such as Andrews' kernel HAC, Newey-West, and WEAVE estimators); clustered covariances (one-way and multi-way); panel and panel-corrected covariances; outer-product-of-gradients covariances; and (clustered) bootstrap covariances. All methods are applicable to (generalized) linear model objects fitted by lm() and glm() but can also be adapted to other classes through S3 methods. Details can be found in Zeileis et al. (2020) <doi:10.18637/jss.v095.i01>, Zeileis (2004) <doi:10.18637/jss.v011.i10> and Zeileis (2006) <doi:10.18637/jss.v016.i09>.",
      "Depends": [
        "R (>= 3.0.0)"
      ],
      "Imports": [
        "stats",
        "utils",
        "zoo"
      ],
      "Suggests": [
        "AER",
        "car",
        "geepack",
        "lattice",
        "lme4",
        "lmtest",
        "MASS",
        "multiwayvcov",
        "parallel",
        "pcse",
        "plm",
        "pscl",
        "scatterplot3d",
        "stats4",
        "strucchange",
        "survival"
      ],
      "License": "GPL-2 | GPL-3",
      "URL": "https://sandwich.R-Forge.R-project.org/",
      "BugReports": "https://sandwich.R-Forge.R-project.org/contact.html",
      "NeedsCompilation": "no",
      "Author": "Achim Zeileis [aut, cre] (<https://orcid.org/0000-0003-0918-3766>), Thomas Lumley [aut] (<https://orcid.org/0000-0003-4255-5437>), Nathaniel Graham [ctb] (<https://orcid.org/0009-0002-1215-5256>), Susanne Koell [ctb]",
      "Maintainer": "Achim Zeileis <Achim.Zeileis@R-project.org>",
      "Repository": "CRAN"
    },
    "zoo": {
      "Package": "zoo",
      "Version": "1.8-14",
      "Source": "Repository",
      "Date": "2025-04-09",
      "Title": "S3 Infrastructure for Regular and Irregular Time Series (Z's Ordered Observations)",
      "Authors@R": "c(person(given = \"Achim\", family = \"Zeileis\", role = c(\"aut\", \"cre\"), email = \"Achim.Zeileis@R-project.org\", comment = c(ORCID = \"0000-0003-0918-3766\")), person(given = \"Gabor\", family = \"Grothendieck\", role = \"aut\", email = \"ggrothendieck@gmail.com\"), person(given = c(\"Jeffrey\", \"A.\"), family = \"Ryan\", role = \"aut\", email = \"jeff.a.ryan@gmail.com\"), person(given = c(\"Joshua\", \"M.\"), family = \"Ulrich\", role = \"ctb\", email = \"josh.m.ulrich@gmail.com\"), person(given = \"Felix\", family = \"Andrews\", role = \"ctb\", email = \"felix@nfrac.org\"))",
      "Description": "An S3 class with methods for totally ordered indexed observations. It is particularly aimed at irregular time series of numeric vectors/matrices and factors. zoo's key design goals are independence of a particular index/date/time class and consistency with ts and base R by providing methods to extend standard generics.",
      "Depends": [
        "R (>= 3.1.0)",
        "stats"
      ],
      "Suggests": [
        "AER",
        "coda",
        "chron",
        "ggplot2 (>= 3.5.0)",
        "mondate",
        "scales",
        "stinepack",
        "strucchange",
        "timeDate",
        "timeSeries",
        "tinyplot",
        "tis",
        "tseries",
        "xts"
      ],
      "Imports": [
        "utils",
        "graphics",
        "grDevices",
        "lattice (>= 0.20-27)"
      ],
      "License": "GPL-2 | GPL-3",
      "URL": "https://zoo.R-Forge.R-project.org/",
      "NeedsCompilation": "yes",
      "Author": "Achim Zeileis [aut, cre] (<https://orcid.org/0000-0003-0918-3766>), Gabor Grothendieck [aut], Jeffrey A. Ryan [aut], Joshua M. Ulrich [ctb], Felix Andrews [ctb]",
      "Maintainer": "Achim Zeileis <Achim.Zeileis@R-project.org>",
      "Repository": "CRAN"
    }
  }
}
